
Microsoft Visual Studio Solution File, Format Version 12.00
# Visual Studio Version 16
VisualStudioVersion = 16.0.30002.166
MinimumVisualStudioVersion = 10.0.40219.1
Project("{8BC9CEB8-8B4A-11D0-8D11-00A0C91BC942}") = "ChessSDL", "ChessSDL\ChessSDL.vcxproj", "{2887F2F6-57BE-4669-95AA-EF9217405818}"
EndProject
Global
	GlobalSection(SolutionConfigurationPlatforms) = preSolution
		Debug|x64 = Debug|x64
		Debug|x86 = Debug|x86
		Release|x64 = Release|x64
		Release|x86 = Release|x86
	EndGlobalSection
	GlobalSection(ProjectConfigurationPlatforms) = postSolution
		{2887F2F6-57BE-4669-95AA-EF9217405818}.Debug|x64.ActiveCfg = Debug|x64
		{2887F2F6-57BE-4669-95AA-EF9217405818}.Debug|x64.Build.0 = Debug|x64
		{2887F2F6-57BE-4669-95AA-EF9217405818}.Debug|x86.ActiveCfg = Debug|Win32
		{2887F2F6-57BE-4669-95AA-EF9217405818}.Debug|x86.Build.0 = Debug|Win32
		{2887F2F6-57BE-4669-95AA-EF9217405818}.Release|x64.ActiveCfg = Release|x64
		{2887F2F6-57BE-4669-95AA-EF9217405818}.Release|x64.Build.0 = Release|x64
		{2887F2F6-57BE-4669-95AA-EF9217405818}.Release|x86.ActiveCfg = Release|Win32
		{2887F2F6-57BE-4669-95AA-EF9217405818}.Release|x86.Build.0 = Release|Win32
	EndGlobalSection
	GlobalSection(SolutionProperties) = preSolution
		HideSolutionNode = FALSE
	EndGlobalSection
	GlobalSection(ExtensibilityGlobals) = postSolution
		SolutionGuid = {BF86A73B-0F51-4B63-894E-0487441AA97F}
	EndGlobalSection
EndGlobal
